
Microsoft Visual Studio Solution File, Format Version 12.00
# Visual Studio Version 17
VisualStudioVersion = 17.14.36301.6
MinimumVisualStudioVersion = 10.0.40219.1
Project("{FAE04EC0-301F-11D3-BF4B-00C04F79EFBC}") = "ProjetFinale.Models", "ProjetFinale.Models\ProjetFinale.Models.csproj", "{2A677952-2E39-7C2C-7488-39A7AAD6E1A2}"
EndProject
Project("{FAE04EC0-301F-11D3-BF4B-00C04F79EFBC}") = "ProjetFinale.Utils", "ProjetFinale.Utils\ProjetFinale.Utils.csproj", "{EC95AC1B-BCC2-0CAB-6EA0-B72CB09E8413}"
EndProject
Project("{FAE04EC0-301F-11D3-BF4B-00C04F79EFBC}") = "ProjetFinale.WPF", "ProjetFinale.WPF\ProjetFinale.WPF.csproj", "{6FC74A4A-6532-5D54-EA22-089102555CE7}"
EndProject
Global
	GlobalSection(SolutionConfigurationPlatforms) = preSolution
		Debug|Any CPU = Debug|Any CPU
		Release|Any CPU = Release|Any CPU
	EndGlobalSection
	GlobalSection(ProjectConfigurationPlatforms) = postSolution
		{2A677952-2E39-7C2C-7488-39A7AAD6E1A2}.Debug|Any CPU.ActiveCfg = Debug|Any CPU
		{2A677952-2E39-7C2C-7488-39A7AAD6E1A2}.Debug|Any CPU.Build.0 = Debug|Any CPU
		{2A677952-2E39-7C2C-7488-39A7AAD6E1A2}.Release|Any CPU.ActiveCfg = Release|Any CPU
		{2A677952-2E39-7C2C-7488-39A7AAD6E1A2}.Release|Any CPU.Build.0 = Release|Any CPU
		{EC95AC1B-BCC2-0CAB-6EA0-B72CB09E8413}.Debug|Any CPU.ActiveCfg = Debug|Any CPU
		{EC95AC1B-BCC2-0CAB-6EA0-B72CB09E8413}.Debug|Any CPU.Build.0 = Debug|Any CPU
		{EC95AC1B-BCC2-0CAB-6EA0-B72CB09E8413}.Release|Any CPU.ActiveCfg = Release|Any CPU
		{EC95AC1B-BCC2-0CAB-6EA0-B72CB09E8413}.Release|Any CPU.Build.0 = Release|Any CPU
		{6FC74A4A-6532-5D54-EA22-089102555CE7}.Debug|Any CPU.ActiveCfg = Debug|Any CPU
		{6FC74A4A-6532-5D54-EA22-089102555CE7}.Debug|Any CPU.Build.0 = Debug|Any CPU
		{6FC74A4A-6532-5D54-EA22-089102555CE7}.Release|Any CPU.ActiveCfg = Release|Any CPU
		{6FC74A4A-6532-5D54-EA22-089102555CE7}.Release|Any CPU.Build.0 = Release|Any CPU
	EndGlobalSection
	GlobalSection(SolutionProperties) = preSolution
		HideSolutionNode = FALSE
	EndGlobalSection
	GlobalSection(ExtensibilityGlobals) = postSolution
		SolutionGuid = {917A5034-1F5F-4AB4-9C39-E36B30A509CC}
	EndGlobalSection
EndGlobal
